// !$*UTF8*$!
{
	archiveVersion = 1;
	classes = {
	};
	objectVersion = 56;
	objects = {

/* Begin PBXBuildFile section */
		E1B40C1E2B8C43FC006EEC78 /* AlertViewController.swift in Sources */ = {isa = PBXBuildFile; fileRef = E1B40C1D2B8C43FC006EEC78 /* AlertViewController.swift */; };
		E1B40C202B8C450B006EEC78 /* AlertViewModel.swift in Sources */ = {isa = PBXBuildFile; fileRef = E1B40C1F2B8C450B006EEC78 /* AlertViewModel.swift */; };
		E1DA1F6B2B88DFFB00F1CC35 /* AppDelegate.swift in Sources */ = {isa = PBXBuildFile; fileRef = E1DA1F6A2B88DFFB00F1CC35 /* AppDelegate.swift */; };
		E1DA1F6D2B88DFFB00F1CC35 /* SceneDelegate.swift in Sources */ = {isa = PBXBuildFile; fileRef = E1DA1F6C2B88DFFB00F1CC35 /* SceneDelegate.swift */; };
		E1DA1F6F2B88DFFB00F1CC35 /* ViewController.swift in Sources */ = {isa = PBXBuildFile; fileRef = E1DA1F6E2B88DFFB00F1CC35 /* ViewController.swift */; };
		E1DA1F742B88DFFC00F1CC35 /* Assets.xcassets in Resources */ = {isa = PBXBuildFile; fileRef = E1DA1F732B88DFFC00F1CC35 /* Assets.xcassets */; };
		E1DA1F772B88DFFC00F1CC35 /* LaunchScreen.storyboard in Resources */ = {isa = PBXBuildFile; fileRef = E1DA1F752B88DFFC00F1CC35 /* LaunchScreen.storyboard */; };
		E1DA1F8C2B88DFFD00F1CC35 /* Digii_AssessmentUITests.swift in Sources */ = {isa = PBXBuildFile; fileRef = E1DA1F8B2B88DFFD00F1CC35 /* Digii_AssessmentUITests.swift */; };
		E1DA1F8E2B88DFFD00F1CC35 /* Digii_AssessmentUITestsLaunchTests.swift in Sources */ = {isa = PBXBuildFile; fileRef = E1DA1F8D2B88DFFD00F1CC35 /* Digii_AssessmentUITestsLaunchTests.swift */; };
		E1E3132E2B8AF52900BB15E7 /* NetworkServiceMock.swift in Sources */ = {isa = PBXBuildFile; fileRef = E1E3132D2B8AF52900BB15E7 /* NetworkServiceMock.swift */; };
		E1E313312B8AFA1000BB15E7 /* PhotosUseCase.swift in Sources */ = {isa = PBXBuildFile; fileRef = E1E313302B8AFA1000BB15E7 /* PhotosUseCase.swift */; };
		E1E313332B8B059E00BB15E7 /* PhotosUseCaseTest.swift in Sources */ = {isa = PBXBuildFile; fileRef = E1E313322B8B059E00BB15E7 /* PhotosUseCaseTest.swift */; };
		E1E3133B2B8B35B600BB15E7 /* PhotosListViewController.swift in Sources */ = {isa = PBXBuildFile; fileRef = E1E3133A2B8B35B600BB15E7 /* PhotosListViewController.swift */; };
		E1E3133D2B8B4D8500BB15E7 /* PhotosListNavigator.swift in Sources */ = {isa = PBXBuildFile; fileRef = E1E3133C2B8B4D8500BB15E7 /* PhotosListNavigator.swift */; };
		E1E3133F2B8B4DD500BB15E7 /* PhotosListViewModel.swift in Sources */ = {isa = PBXBuildFile; fileRef = E1E3133E2B8B4DD500BB15E7 /* PhotosListViewModel.swift */; };
		E1E313412B8B4E2F00BB15E7 /* PhotosListViewModelType.swift in Sources */ = {isa = PBXBuildFile; fileRef = E1E313402B8B4E2F00BB15E7 /* PhotosListViewModelType.swift */; };
		E1E313432B8B512B00BB15E7 /* PhotoViewModel.swift in Sources */ = {isa = PBXBuildFile; fileRef = E1E313422B8B512B00BB15E7 /* PhotoViewModel.swift */; };
		E1E3134A2B8B6D1000BB15E7 /* PhotoCollectionViewCell.swift in Sources */ = {isa = PBXBuildFile; fileRef = E1E313492B8B6D1000BB15E7 /* PhotoCollectionViewCell.swift */; };
		E1E3134D2B8B964B00BB15E7 /* FlowCoordinator.swift in Sources */ = {isa = PBXBuildFile; fileRef = E1E3134C2B8B964B00BB15E7 /* FlowCoordinator.swift */; };
		E1E3134F2B8B969900BB15E7 /* ApplicationFlowCoordinator.swift in Sources */ = {isa = PBXBuildFile; fileRef = E1E3134E2B8B969900BB15E7 /* ApplicationFlowCoordinator.swift */; };
		E1E313512B8B96F800BB15E7 /* PhotosListFlowCoordinator.swift in Sources */ = {isa = PBXBuildFile; fileRef = E1E313502B8B96F800BB15E7 /* PhotosListFlowCoordinator.swift */; };
		E1E313532B8B976D00BB15E7 /* FlowCoordinatorDependencyProviders.swift in Sources */ = {isa = PBXBuildFile; fileRef = E1E313522B8B976D00BB15E7 /* FlowCoordinatorDependencyProviders.swift */; };
		E1E313552B8B997500BB15E7 /* ApplicationComponentsFactory.swift in Sources */ = {isa = PBXBuildFile; fileRef = E1E313542B8B997500BB15E7 /* ApplicationComponentsFactory.swift */; };
		E1E313572B8B99DB00BB15E7 /* ServicesProvider.swift in Sources */ = {isa = PBXBuildFile; fileRef = E1E313562B8B99DB00BB15E7 /* ServicesProvider.swift */; };
		E1E313592B8BAFAE00BB15E7 /* Scheduler.swift in Sources */ = {isa = PBXBuildFile; fileRef = E1E313582B8BAFAE00BB15E7 /* Scheduler.swift */; };
		E1E3135E2B8BBF3B00BB15E7 /* PhotoDetailsViewModel.swift in Sources */ = {isa = PBXBuildFile; fileRef = E1E3135D2B8BBF3B00BB15E7 /* PhotoDetailsViewModel.swift */; };
		E1E313602B8BBF8700BB15E7 /* PhotoDetailsViewModelType.swift in Sources */ = {isa = PBXBuildFile; fileRef = E1E3135F2B8BBF8700BB15E7 /* PhotoDetailsViewModelType.swift */; };
		E1E313622B8BC6A300BB15E7 /* PhotoDetailsViewController.swift in Sources */ = {isa = PBXBuildFile; fileRef = E1E313612B8BC6A300BB15E7 /* PhotoDetailsViewController.swift */; };
		E1F78F992B89CAD6008AD5B6 /* NetworkService.swift in Sources */ = {isa = PBXBuildFile; fileRef = E1F78F982B89CAD6008AD5B6 /* NetworkService.swift */; };
		E1F78F9B2B89CB37008AD5B6 /* Resource.swift in Sources */ = {isa = PBXBuildFile; fileRef = E1F78F9A2B89CB37008AD5B6 /* Resource.swift */; };
		E1F78FA02B89D85B008AD5B6 /* Publisher+Network.swift in Sources */ = {isa = PBXBuildFile; fileRef = E1F78F9F2B89D85B008AD5B6 /* Publisher+Network.swift */; };
		E1F78FA32B89E278008AD5B6 /* Photo.swift in Sources */ = {isa = PBXBuildFile; fileRef = E1F78FA22B89E278008AD5B6 /* Photo.swift */; };
		E1F78FA52B89E34E008AD5B6 /* APIConstants.swift in Sources */ = {isa = PBXBuildFile; fileRef = E1F78FA42B89E34E008AD5B6 /* APIConstants.swift */; };
		E1F78FA72B89E40F008AD5B6 /* Resource+Photo.swift in Sources */ = {isa = PBXBuildFile; fileRef = E1F78FA62B89E40F008AD5B6 /* Resource+Photo.swift */; };
		E1F78FAA2B89E7DB008AD5B6 /* NetworkServiceTest.swift in Sources */ = {isa = PBXBuildFile; fileRef = E1F78FA92B89E7DB008AD5B6 /* NetworkServiceTest.swift */; };
		E1F78FAD2B89FD16008AD5B6 /* URLProtocolMock.swift in Sources */ = {isa = PBXBuildFile; fileRef = E1F78FAC2B89FD16008AD5B6 /* URLProtocolMock.swift */; };
		E1F78FB02B8A00A3008AD5B6 /* Photos.json in Resources */ = {isa = PBXBuildFile; fileRef = E1F78FAF2B8A00A3008AD5B6 /* Photos.json */; };
		E1F78FB32B8A268F008AD5B6 /* ImageCache.swift in Sources */ = {isa = PBXBuildFile; fileRef = E1F78FB22B8A268F008AD5B6 /* ImageCache.swift */; };
		E1F78FB52B8A4F90008AD5B6 /* ImageLoaderMock.swift in Sources */ = {isa = PBXBuildFile; fileRef = E1F78FB42B8A4F90008AD5B6 /* ImageLoaderMock.swift */; };
		E1F78FB72B8A4FDC008AD5B6 /* ImageLoaderService.swift in Sources */ = {isa = PBXBuildFile; fileRef = E1F78FB62B8A4FDC008AD5B6 /* ImageLoaderService.swift */; };
/* End PBXBuildFile section */

/* Begin PBXContainerItemProxy section */
		E1DA1F7E2B88DFFD00F1CC35 /* PBXContainerItemProxy */ = {
			isa = PBXContainerItemProxy;
			containerPortal = E1DA1F5F2B88DFFB00F1CC35 /* Project object */;
			proxyType = 1;
			remoteGlobalIDString = E1DA1F662B88DFFB00F1CC35;
			remoteInfo = Digii_Assessment;
		};
		E1DA1F882B88DFFD00F1CC35 /* PBXContainerItemProxy */ = {
			isa = PBXContainerItemProxy;
			containerPortal = E1DA1F5F2B88DFFB00F1CC35 /* Project object */;
			proxyType = 1;
			remoteGlobalIDString = E1DA1F662B88DFFB00F1CC35;
			remoteInfo = Digii_Assessment;
		};
/* End PBXContainerItemProxy section */

/* Begin PBXFileReference section */
		E1B40C1D2B8C43FC006EEC78 /* AlertViewController.swift */ = {isa = PBXFileReference; lastKnownFileType = sourcecode.swift; path = AlertViewController.swift; sourceTree = "<group>"; };
		E1B40C1F2B8C450B006EEC78 /* AlertViewModel.swift */ = {isa = PBXFileReference; lastKnownFileType = sourcecode.swift; path = AlertViewModel.swift; sourceTree = "<group>"; };
		E1DA1F672B88DFFB00F1CC35 /* Digii_Assessment.app */ = {isa = PBXFileReference; explicitFileType = wrapper.application; includeInIndex = 0; path = Digii_Assessment.app; sourceTree = BUILT_PRODUCTS_DIR; };
		E1DA1F6A2B88DFFB00F1CC35 /* AppDelegate.swift */ = {isa = PBXFileReference; lastKnownFileType = sourcecode.swift; path = AppDelegate.swift; sourceTree = "<group>"; };
		E1DA1F6C2B88DFFB00F1CC35 /* SceneDelegate.swift */ = {isa = PBXFileReference; lastKnownFileType = sourcecode.swift; path = SceneDelegate.swift; sourceTree = "<group>"; };
		E1DA1F6E2B88DFFB00F1CC35 /* ViewController.swift */ = {isa = PBXFileReference; lastKnownFileType = sourcecode.swift; path = ViewController.swift; sourceTree = "<group>"; };
		E1DA1F732B88DFFC00F1CC35 /* Assets.xcassets */ = {isa = PBXFileReference; lastKnownFileType = folder.assetcatalog; path = Assets.xcassets; sourceTree = "<group>"; };
		E1DA1F762B88DFFC00F1CC35 /* Base */ = {isa = PBXFileReference; lastKnownFileType = file.storyboard; name = Base; path = Base.lproj/LaunchScreen.storyboard; sourceTree = "<group>"; };
		E1DA1F782B88DFFC00F1CC35 /* Info.plist */ = {isa = PBXFileReference; lastKnownFileType = text.plist.xml; path = Info.plist; sourceTree = "<group>"; };
		E1DA1F7D2B88DFFD00F1CC35 /* Digii_AssessmentTests.xctest */ = {isa = PBXFileReference; explicitFileType = wrapper.cfbundle; includeInIndex = 0; path = Digii_AssessmentTests.xctest; sourceTree = BUILT_PRODUCTS_DIR; };
		E1DA1F872B88DFFD00F1CC35 /* Digii_AssessmentUITests.xctest */ = {isa = PBXFileReference; explicitFileType = wrapper.cfbundle; includeInIndex = 0; path = Digii_AssessmentUITests.xctest; sourceTree = BUILT_PRODUCTS_DIR; };
		E1DA1F8B2B88DFFD00F1CC35 /* Digii_AssessmentUITests.swift */ = {isa = PBXFileReference; lastKnownFileType = sourcecode.swift; path = Digii_AssessmentUITests.swift; sourceTree = "<group>"; };
		E1DA1F8D2B88DFFD00F1CC35 /* Digii_AssessmentUITestsLaunchTests.swift */ = {isa = PBXFileReference; lastKnownFileType = sourcecode.swift; path = Digii_AssessmentUITestsLaunchTests.swift; sourceTree = "<group>"; };
		E1E3132D2B8AF52900BB15E7 /* NetworkServiceMock.swift */ = {isa = PBXFileReference; lastKnownFileType = sourcecode.swift; path = NetworkServiceMock.swift; sourceTree = "<group>"; };
		E1E313302B8AFA1000BB15E7 /* PhotosUseCase.swift */ = {isa = PBXFileReference; lastKnownFileType = sourcecode.swift; path = PhotosUseCase.swift; sourceTree = "<group>"; };
		E1E313322B8B059E00BB15E7 /* PhotosUseCaseTest.swift */ = {isa = PBXFileReference; lastKnownFileType = sourcecode.swift; path = PhotosUseCaseTest.swift; sourceTree = "<group>"; };
		E1E3133A2B8B35B600BB15E7 /* PhotosListViewController.swift */ = {isa = PBXFileReference; lastKnownFileType = sourcecode.swift; path = PhotosListViewController.swift; sourceTree = "<group>"; };
		E1E3133C2B8B4D8500BB15E7 /* PhotosListNavigator.swift */ = {isa = PBXFileReference; lastKnownFileType = sourcecode.swift; path = PhotosListNavigator.swift; sourceTree = "<group>"; };
		E1E3133E2B8B4DD500BB15E7 /* PhotosListViewModel.swift */ = {isa = PBXFileReference; lastKnownFileType = sourcecode.swift; path = PhotosListViewModel.swift; sourceTree = "<group>"; };
		E1E313402B8B4E2F00BB15E7 /* PhotosListViewModelType.swift */ = {isa = PBXFileReference; lastKnownFileType = sourcecode.swift; path = PhotosListViewModelType.swift; sourceTree = "<group>"; };
		E1E313422B8B512B00BB15E7 /* PhotoViewModel.swift */ = {isa = PBXFileReference; lastKnownFileType = sourcecode.swift; path = PhotoViewModel.swift; sourceTree = "<group>"; };
		E1E313492B8B6D1000BB15E7 /* PhotoCollectionViewCell.swift */ = {isa = PBXFileReference; lastKnownFileType = sourcecode.swift; path = PhotoCollectionViewCell.swift; sourceTree = "<group>"; };
		E1E3134C2B8B964B00BB15E7 /* FlowCoordinator.swift */ = {isa = PBXFileReference; lastKnownFileType = sourcecode.swift; path = FlowCoordinator.swift; sourceTree = "<group>"; };
		E1E3134E2B8B969900BB15E7 /* ApplicationFlowCoordinator.swift */ = {isa = PBXFileReference; lastKnownFileType = sourcecode.swift; path = ApplicationFlowCoordinator.swift; sourceTree = "<group>"; };
		E1E313502B8B96F800BB15E7 /* PhotosListFlowCoordinator.swift */ = {isa = PBXFileReference; lastKnownFileType = sourcecode.swift; path = PhotosListFlowCoordinator.swift; sourceTree = "<group>"; };
		E1E313522B8B976D00BB15E7 /* FlowCoordinatorDependencyProviders.swift */ = {isa = PBXFileReference; lastKnownFileType = sourcecode.swift; path = FlowCoordinatorDependencyProviders.swift; sourceTree = "<group>"; };
		E1E313542B8B997500BB15E7 /* ApplicationComponentsFactory.swift */ = {isa = PBXFileReference; lastKnownFileType = sourcecode.swift; path = ApplicationComponentsFactory.swift; sourceTree = "<group>"; };
		E1E313562B8B99DB00BB15E7 /* ServicesProvider.swift */ = {isa = PBXFileReference; lastKnownFileType = sourcecode.swift; path = ServicesProvider.swift; sourceTree = "<group>"; };
		E1E313582B8BAFAE00BB15E7 /* Scheduler.swift */ = {isa = PBXFileReference; lastKnownFileType = sourcecode.swift; path = Scheduler.swift; sourceTree = "<group>"; };
		E1E3135D2B8BBF3B00BB15E7 /* PhotoDetailsViewModel.swift */ = {isa = PBXFileReference; lastKnownFileType = sourcecode.swift; path = PhotoDetailsViewModel.swift; sourceTree = "<group>"; };
		E1E3135F2B8BBF8700BB15E7 /* PhotoDetailsViewModelType.swift */ = {isa = PBXFileReference; lastKnownFileType = sourcecode.swift; path = PhotoDetailsViewModelType.swift; sourceTree = "<group>"; };
		E1E313612B8BC6A300BB15E7 /* PhotoDetailsViewController.swift */ = {isa = PBXFileReference; lastKnownFileType = sourcecode.swift; path = PhotoDetailsViewController.swift; sourceTree = "<group>"; };
		E1F78F982B89CAD6008AD5B6 /* NetworkService.swift */ = {isa = PBXFileReference; lastKnownFileType = sourcecode.swift; path = NetworkService.swift; sourceTree = "<group>"; };
		E1F78F9A2B89CB37008AD5B6 /* Resource.swift */ = {isa = PBXFileReference; lastKnownFileType = sourcecode.swift; path = Resource.swift; sourceTree = "<group>"; };
		E1F78F9F2B89D85B008AD5B6 /* Publisher+Network.swift */ = {isa = PBXFileReference; lastKnownFileType = sourcecode.swift; path = "Publisher+Network.swift"; sourceTree = "<group>"; };
		E1F78FA22B89E278008AD5B6 /* Photo.swift */ = {isa = PBXFileReference; lastKnownFileType = sourcecode.swift; path = Photo.swift; sourceTree = "<group>"; };
		E1F78FA42B89E34E008AD5B6 /* APIConstants.swift */ = {isa = PBXFileReference; lastKnownFileType = sourcecode.swift; path = APIConstants.swift; sourceTree = "<group>"; };
		E1F78FA62B89E40F008AD5B6 /* Resource+Photo.swift */ = {isa = PBXFileReference; lastKnownFileType = sourcecode.swift; path = "Resource+Photo.swift"; sourceTree = "<group>"; };
		E1F78FA92B89E7DB008AD5B6 /* NetworkServiceTest.swift */ = {isa = PBXFileReference; lastKnownFileType = sourcecode.swift; path = NetworkServiceTest.swift; sourceTree = "<group>"; };
		E1F78FAC2B89FD16008AD5B6 /* URLProtocolMock.swift */ = {isa = PBXFileReference; lastKnownFileType = sourcecode.swift; path = URLProtocolMock.swift; sourceTree = "<group>"; };
		E1F78FAF2B8A00A3008AD5B6 /* Photos.json */ = {isa = PBXFileReference; explicitFileType = text.json; path = Photos.json; sourceTree = "<group>"; };
		E1F78FB22B8A268F008AD5B6 /* ImageCache.swift */ = {isa = PBXFileReference; lastKnownFileType = sourcecode.swift; path = ImageCache.swift; sourceTree = "<group>"; };
		E1F78FB42B8A4F90008AD5B6 /* ImageLoaderMock.swift */ = {isa = PBXFileReference; lastKnownFileType = sourcecode.swift; path = ImageLoaderMock.swift; sourceTree = "<group>"; };
		E1F78FB62B8A4FDC008AD5B6 /* ImageLoaderService.swift */ = {isa = PBXFileReference; lastKnownFileType = sourcecode.swift; path = ImageLoaderService.swift; sourceTree = "<group>"; };
/* End PBXFileReference section */

/* Begin PBXFrameworksBuildPhase section */
		E1DA1F642B88DFFB00F1CC35 /* Frameworks */ = {
			isa = PBXFrameworksBuildPhase;
			buildActionMask = 2147483647;
			files = (
			);
			runOnlyForDeploymentPostprocessing = 0;
		};
		E1DA1F7A2B88DFFD00F1CC35 /* Frameworks */ = {
			isa = PBXFrameworksBuildPhase;
			buildActionMask = 2147483647;
			files = (
			);
			runOnlyForDeploymentPostprocessing = 0;
		};
		E1DA1F842B88DFFD00F1CC35 /* Frameworks */ = {
			isa = PBXFrameworksBuildPhase;
			buildActionMask = 2147483647;
			files = (
			);
			runOnlyForDeploymentPostprocessing = 0;
		};
/* End PBXFrameworksBuildPhase section */

/* Begin PBXGroup section */
		E1B40C1C2B8C43DB006EEC78 /* Alert */ = {
			isa = PBXGroup;
			children = (
				E1B40C1D2B8C43FC006EEC78 /* AlertViewController.swift */,
				E1B40C1F2B8C450B006EEC78 /* AlertViewModel.swift */,
			);
			path = Alert;
			sourceTree = "<group>";
		};
		E1DA1F5E2B88DFFB00F1CC35 = {
			isa = PBXGroup;
			children = (
				E1DA1F692B88DFFB00F1CC35 /* Digii_Assessment */,
				E1DA1F802B88DFFD00F1CC35 /* Digii_AssessmentTests */,
				E1DA1F8A2B88DFFD00F1CC35 /* Digii_AssessmentUITests */,
				E1DA1F682B88DFFB00F1CC35 /* Products */,
			);
			sourceTree = "<group>";
		};
		E1DA1F682B88DFFB00F1CC35 /* Products */ = {
			isa = PBXGroup;
			children = (
				E1DA1F672B88DFFB00F1CC35 /* Digii_Assessment.app */,
				E1DA1F7D2B88DFFD00F1CC35 /* Digii_AssessmentTests.xctest */,
				E1DA1F872B88DFFD00F1CC35 /* Digii_AssessmentUITests.xctest */,
			);
			name = Products;
			sourceTree = "<group>";
		};
		E1DA1F692B88DFFB00F1CC35 /* Digii_Assessment */ = {
			isa = PBXGroup;
			children = (
				E1E3134B2B8B95D400BB15E7 /* FlowCoordinator */,
				E1E313342B8B345E00BB15E7 /* Screens */,
				E1E3132F2B8AF94A00BB15E7 /* UseCases */,
				E1F78FA12B89DA79008AD5B6 /* Models */,
				E1F78F962B89CA90008AD5B6 /* Services */,
				E1DA1F6A2B88DFFB00F1CC35 /* AppDelegate.swift */,
				E1DA1F6C2B88DFFB00F1CC35 /* SceneDelegate.swift */,
				E1DA1F6E2B88DFFB00F1CC35 /* ViewController.swift */,
				E1DA1F732B88DFFC00F1CC35 /* Assets.xcassets */,
				E1DA1F752B88DFFC00F1CC35 /* LaunchScreen.storyboard */,
				E1DA1F782B88DFFC00F1CC35 /* Info.plist */,
			);
			path = Digii_Assessment;
			sourceTree = "<group>";
		};
		E1DA1F802B88DFFD00F1CC35 /* Digii_AssessmentTests */ = {
			isa = PBXGroup;
			children = (
				E1F78FAE2B8A0051008AD5B6 /* Responses */,
				E1F78FAB2B89FC3E008AD5B6 /* Mocks */,
				E1F78FA82B89E77B008AD5B6 /* UnitTests */,
			);
			path = Digii_AssessmentTests;
			sourceTree = "<group>";
		};
		E1DA1F8A2B88DFFD00F1CC35 /* Digii_AssessmentUITests */ = {
			isa = PBXGroup;
			children = (
				E1DA1F8B2B88DFFD00F1CC35 /* Digii_AssessmentUITests.swift */,
				E1DA1F8D2B88DFFD00F1CC35 /* Digii_AssessmentUITestsLaunchTests.swift */,
			);
			path = Digii_AssessmentUITests;
			sourceTree = "<group>";
		};
		E1E3132F2B8AF94A00BB15E7 /* UseCases */ = {
			isa = PBXGroup;
			children = (
				E1E313302B8AFA1000BB15E7 /* PhotosUseCase.swift */,
			);
			path = UseCases;
			sourceTree = "<group>";
		};
		E1E313342B8B345E00BB15E7 /* Screens */ = {
			isa = PBXGroup;
			children = (
				E1B40C1C2B8C43DB006EEC78 /* Alert */,
				E1E3135C2B8BBC7A00BB15E7 /* Details */,
				E1E313482B8B669100BB15E7 /* List */,
			);
			path = Screens;
			sourceTree = "<group>";
		};
		E1E313482B8B669100BB15E7 /* List */ = {
			isa = PBXGroup;
			children = (
				E1E3133A2B8B35B600BB15E7 /* PhotosListViewController.swift */,
				E1E3133C2B8B4D8500BB15E7 /* PhotosListNavigator.swift */,
				E1E3133E2B8B4DD500BB15E7 /* PhotosListViewModel.swift */,
				E1E313402B8B4E2F00BB15E7 /* PhotosListViewModelType.swift */,
				E1E313422B8B512B00BB15E7 /* PhotoViewModel.swift */,
				E1E313492B8B6D1000BB15E7 /* PhotoCollectionViewCell.swift */,
			);
			path = List;
			sourceTree = "<group>";
		};
		E1E3134B2B8B95D400BB15E7 /* FlowCoordinator */ = {
			isa = PBXGroup;
			children = (
				E1E3134C2B8B964B00BB15E7 /* FlowCoordinator.swift */,
				E1E3134E2B8B969900BB15E7 /* ApplicationFlowCoordinator.swift */,
				E1E313502B8B96F800BB15E7 /* PhotosListFlowCoordinator.swift */,
				E1E313522B8B976D00BB15E7 /* FlowCoordinatorDependencyProviders.swift */,
				E1E313542B8B997500BB15E7 /* ApplicationComponentsFactory.swift */,
			);
			path = FlowCoordinator;
			sourceTree = "<group>";
		};
		E1E3135C2B8BBC7A00BB15E7 /* Details */ = {
			isa = PBXGroup;
			children = (
				E1E3135D2B8BBF3B00BB15E7 /* PhotoDetailsViewModel.swift */,
				E1E3135F2B8BBF8700BB15E7 /* PhotoDetailsViewModelType.swift */,
				E1E313612B8BC6A300BB15E7 /* PhotoDetailsViewController.swift */,
			);
			path = Details;
			sourceTree = "<group>";
		};
		E1F78F962B89CA90008AD5B6 /* Services */ = {
			isa = PBXGroup;
			children = (
				E1F78FB12B8A261C008AD5B6 /* ImageLoader */,
				E1F78F972B89CA99008AD5B6 /* Network */,
				E1E313562B8B99DB00BB15E7 /* ServicesProvider.swift */,
				E1E313582B8BAFAE00BB15E7 /* Scheduler.swift */,
			);
			path = Services;
			sourceTree = "<group>";
		};
		E1F78F972B89CA99008AD5B6 /* Network */ = {
			isa = PBXGroup;
			children = (
				E1F78F982B89CAD6008AD5B6 /* NetworkService.swift */,
				E1F78F9A2B89CB37008AD5B6 /* Resource.swift */,
				E1F78F9F2B89D85B008AD5B6 /* Publisher+Network.swift */,
				E1F78FA42B89E34E008AD5B6 /* APIConstants.swift */,
			);
			path = Network;
			sourceTree = "<group>";
		};
		E1F78FA12B89DA79008AD5B6 /* Models */ = {
			isa = PBXGroup;
			children = (
				E1F78FA22B89E278008AD5B6 /* Photo.swift */,
				E1F78FA62B89E40F008AD5B6 /* Resource+Photo.swift */,
			);
			path = Models;
			sourceTree = "<group>";
		};
		E1F78FA82B89E77B008AD5B6 /* UnitTests */ = {
			isa = PBXGroup;
			children = (
				E1F78FA92B89E7DB008AD5B6 /* NetworkServiceTest.swift */,
				E1E313322B8B059E00BB15E7 /* PhotosUseCaseTest.swift */,
			);
			path = UnitTests;
			sourceTree = "<group>";
		};
		E1F78FAB2B89FC3E008AD5B6 /* Mocks */ = {
			isa = PBXGroup;
			children = (
				E1F78FAC2B89FD16008AD5B6 /* URLProtocolMock.swift */,
				E1F78FB42B8A4F90008AD5B6 /* ImageLoaderMock.swift */,
				E1E3132D2B8AF52900BB15E7 /* NetworkServiceMock.swift */,
			);
			path = Mocks;
			sourceTree = "<group>";
		};
		E1F78FAE2B8A0051008AD5B6 /* Responses */ = {
			isa = PBXGroup;
			children = (
				E1F78FAF2B8A00A3008AD5B6 /* Photos.json */,
			);
			path = Responses;
			sourceTree = "<group>";
		};
		E1F78FB12B8A261C008AD5B6 /* ImageLoader */ = {
			isa = PBXGroup;
			children = (
				E1F78FB22B8A268F008AD5B6 /* ImageCache.swift */,
				E1F78FB62B8A4FDC008AD5B6 /* ImageLoaderService.swift */,
			);
			path = ImageLoader;
			sourceTree = "<group>";
		};
/* End PBXGroup section */

/* Begin PBXNativeTarget section */
		E1DA1F662B88DFFB00F1CC35 /* Digii_Assessment */ = {
			isa = PBXNativeTarget;
			buildConfigurationList = E1DA1F912B88DFFD00F1CC35 /* Build configuration list for PBXNativeTarget "Digii_Assessment" */;
			buildPhases = (
				E1DA1F632B88DFFB00F1CC35 /* Sources */,
				E1DA1F642B88DFFB00F1CC35 /* Frameworks */,
				E1DA1F652B88DFFB00F1CC35 /* Resources */,
			);
			buildRules = (
			);
			dependencies = (
			);
			name = Digii_Assessment;
			productName = Digii_Assessment;
			productReference = E1DA1F672B88DFFB00F1CC35 /* Digii_Assessment.app */;
			productType = "com.apple.product-type.application";
		};
		E1DA1F7C2B88DFFD00F1CC35 /* Digii_AssessmentTests */ = {
			isa = PBXNativeTarget;
			buildConfigurationList = E1DA1F942B88DFFD00F1CC35 /* Build configuration list for PBXNativeTarget "Digii_AssessmentTests" */;
			buildPhases = (
				E1DA1F792B88DFFD00F1CC35 /* Sources */,
				E1DA1F7A2B88DFFD00F1CC35 /* Frameworks */,
				E1DA1F7B2B88DFFD00F1CC35 /* Resources */,
			);
			buildRules = (
			);
			dependencies = (
				E1DA1F7F2B88DFFD00F1CC35 /* PBXTargetDependency */,
			);
			name = Digii_AssessmentTests;
			productName = Digii_AssessmentTests;
			productReference = E1DA1F7D2B88DFFD00F1CC35 /* Digii_AssessmentTests.xctest */;
			productType = "com.apple.product-type.bundle.unit-test";
		};
		E1DA1F862B88DFFD00F1CC35 /* Digii_AssessmentUITests */ = {
			isa = PBXNativeTarget;
			buildConfigurationList = E1DA1F972B88DFFD00F1CC35 /* Build configuration list for PBXNativeTarget "Digii_AssessmentUITests" */;
			buildPhases = (
				E1DA1F832B88DFFD00F1CC35 /* Sources */,
				E1DA1F842B88DFFD00F1CC35 /* Frameworks */,
				E1DA1F852B88DFFD00F1CC35 /* Resources */,
			);
			buildRules = (
			);
			dependencies = (
				E1DA1F892B88DFFD00F1CC35 /* PBXTargetDependency */,
			);
			name = Digii_AssessmentUITests;
			productName = Digii_AssessmentUITests;
			productReference = E1DA1F872B88DFFD00F1CC35 /* Digii_AssessmentUITests.xctest */;
			productType = "com.apple.product-type.bundle.ui-testing";
		};
/* End PBXNativeTarget section */

/* Begin PBXProject section */
		E1DA1F5F2B88DFFB00F1CC35 /* Project object */ = {
			isa = PBXProject;
			attributes = {
				BuildIndependentTargetsInParallel = 1;
				LastSwiftUpdateCheck = 1520;
				LastUpgradeCheck = 1520;
				TargetAttributes = {
					E1DA1F662B88DFFB00F1CC35 = {
						CreatedOnToolsVersion = 15.2;
					};
					E1DA1F7C2B88DFFD00F1CC35 = {
						CreatedOnToolsVersion = 15.2;
						LastSwiftMigration = 1520;
						TestTargetID = E1DA1F662B88DFFB00F1CC35;
					};
					E1DA1F862B88DFFD00F1CC35 = {
						CreatedOnToolsVersion = 15.2;
						TestTargetID = E1DA1F662B88DFFB00F1CC35;
					};
				};
			};
			buildConfigurationList = E1DA1F622B88DFFB00F1CC35 /* Build configuration list for PBXProject "Digii_Assessment" */;
			compatibilityVersion = "Xcode 14.0";
			developmentRegion = en;
			hasScannedForEncodings = 0;
			knownRegions = (
				en,
				Base,
			);
			mainGroup = E1DA1F5E2B88DFFB00F1CC35;
			productRefGroup = E1DA1F682B88DFFB00F1CC35 /* Products */;
			projectDirPath = "";
			projectRoot = "";
			targets = (
				E1DA1F662B88DFFB00F1CC35 /* Digii_Assessment */,
				E1DA1F7C2B88DFFD00F1CC35 /* Digii_AssessmentTests */,
				E1DA1F862B88DFFD00F1CC35 /* Digii_AssessmentUITests */,
			);
		};
/* End PBXProject section */

/* Begin PBXResourcesBuildPhase section */
		E1DA1F652B88DFFB00F1CC35 /* Resources */ = {
			isa = PBXResourcesBuildPhase;
			buildActionMask = 2147483647;
			files = (
				E1DA1F772B88DFFC00F1CC35 /* LaunchScreen.storyboard in Resources */,
				E1DA1F742B88DFFC00F1CC35 /* Assets.xcassets in Resources */,
			);
			runOnlyForDeploymentPostprocessing = 0;
		};
		E1DA1F7B2B88DFFD00F1CC35 /* Resources */ = {
			isa = PBXResourcesBuildPhase;
			buildActionMask = 2147483647;
			files = (
				E1F78FB02B8A00A3008AD5B6 /* Photos.json in Resources */,
			);
			runOnlyForDeploymentPostprocessing = 0;
		};
		E1DA1F852B88DFFD00F1CC35 /* Resources */ = {
			isa = PBXResourcesBuildPhase;
			buildActionMask = 2147483647;
			files = (
			);
			runOnlyForDeploymentPostprocessing = 0;
		};
/* End PBXResourcesBuildPhase section */

/* Begin PBXSourcesBuildPhase section */
		E1DA1F632B88DFFB00F1CC35 /* Sources */ = {
			isa = PBXSourcesBuildPhase;
			buildActionMask = 2147483647;
			files = (
				E1E313622B8BC6A300BB15E7 /* PhotoDetailsViewController.swift in Sources */,
				E1E3133D2B8B4D8500BB15E7 /* PhotosListNavigator.swift in Sources */,
				E1E3133B2B8B35B600BB15E7 /* PhotosListViewController.swift in Sources */,
				E1B40C202B8C450B006EEC78 /* AlertViewModel.swift in Sources */,
				E1E313312B8AFA1000BB15E7 /* PhotosUseCase.swift in Sources */,
				E1E313592B8BAFAE00BB15E7 /* Scheduler.swift in Sources */,
				E1F78FA32B89E278008AD5B6 /* Photo.swift in Sources */,
				E1E313532B8B976D00BB15E7 /* FlowCoordinatorDependencyProviders.swift in Sources */,
				E1DA1F6F2B88DFFB00F1CC35 /* ViewController.swift in Sources */,
				E1E313512B8B96F800BB15E7 /* PhotosListFlowCoordinator.swift in Sources */,
				E1E313602B8BBF8700BB15E7 /* PhotoDetailsViewModelType.swift in Sources */,
				E1E3134A2B8B6D1000BB15E7 /* PhotoCollectionViewCell.swift in Sources */,
				E1E313552B8B997500BB15E7 /* ApplicationComponentsFactory.swift in Sources */,
				E1F78FB72B8A4FDC008AD5B6 /* ImageLoaderService.swift in Sources */,
				E1E3134D2B8B964B00BB15E7 /* FlowCoordinator.swift in Sources */,
				E1E313432B8B512B00BB15E7 /* PhotoViewModel.swift in Sources */,
				E1F78FB32B8A268F008AD5B6 /* ImageCache.swift in Sources */,
				E1B40C1E2B8C43FC006EEC78 /* AlertViewController.swift in Sources */,
				E1F78FA02B89D85B008AD5B6 /* Publisher+Network.swift in Sources */,
				E1DA1F6B2B88DFFB00F1CC35 /* AppDelegate.swift in Sources */,
				E1F78F992B89CAD6008AD5B6 /* NetworkService.swift in Sources */,
				E1E313572B8B99DB00BB15E7 /* ServicesProvider.swift in Sources */,
				E1F78FA52B89E34E008AD5B6 /* APIConstants.swift in Sources */,
				E1E3134F2B8B969900BB15E7 /* ApplicationFlowCoordinator.swift in Sources */,
				E1E313412B8B4E2F00BB15E7 /* PhotosListViewModelType.swift in Sources */,
				E1F78FA72B89E40F008AD5B6 /* Resource+Photo.swift in Sources */,
				E1F78F9B2B89CB37008AD5B6 /* Resource.swift in Sources */,
				E1E3135E2B8BBF3B00BB15E7 /* PhotoDetailsViewModel.swift in Sources */,
				E1E3133F2B8B4DD500BB15E7 /* PhotosListViewModel.swift in Sources */,
				E1DA1F6D2B88DFFB00F1CC35 /* SceneDelegate.swift in Sources */,
			);
			runOnlyForDeploymentPostprocessing = 0;
		};
		E1DA1F792B88DFFD00F1CC35 /* Sources */ = {
			isa = PBXSourcesBuildPhase;
			buildActionMask = 2147483647;
			files = (
				E1E3132E2B8AF52900BB15E7 /* NetworkServiceMock.swift in Sources */,
				E1E313332B8B059E00BB15E7 /* PhotosUseCaseTest.swift in Sources */,
				E1F78FAA2B89E7DB008AD5B6 /* NetworkServiceTest.swift in Sources */,
				E1F78FAD2B89FD16008AD5B6 /* URLProtocolMock.swift in Sources */,
				E1F78FB52B8A4F90008AD5B6 /* ImageLoaderMock.swift in Sources */,
			);
			runOnlyForDeploymentPostprocessing = 0;
		};
		E1DA1F832B88DFFD00F1CC35 /* Sources */ = {
			isa = PBXSourcesBuildPhase;
			buildActionMask = 2147483647;
			files = (
				E1DA1F8C2B88DFFD00F1CC35 /* Digii_AssessmentUITests.swift in Sources */,
				E1DA1F8E2B88DFFD00F1CC35 /* Digii_AssessmentUITestsLaunchTests.swift in Sources */,
			);
			runOnlyForDeploymentPostprocessing = 0;
		};
/* End PBXSourcesBuildPhase section */

/* Begin PBXTargetDependency section */
		E1DA1F7F2B88DFFD00F1CC35 /* PBXTargetDependency */ = {
			isa = PBXTargetDependency;
			target = E1DA1F662B88DFFB00F1CC35 /* Digii_Assessment */;
			targetProxy = E1DA1F7E2B88DFFD00F1CC35 /* PBXContainerItemProxy */;
		};
		E1DA1F892B88DFFD00F1CC35 /* PBXTargetDependency */ = {
			isa = PBXTargetDependency;
			target = E1DA1F662B88DFFB00F1CC35 /* Digii_Assessment */;
			targetProxy = E1DA1F882B88DFFD00F1CC35 /* PBXContainerItemProxy */;
		};
/* End PBXTargetDependency section */

/* Begin PBXVariantGroup section */
		E1DA1F752B88DFFC00F1CC35 /* LaunchScreen.storyboard */ = {
			isa = PBXVariantGroup;
			children = (
				E1DA1F762B88DFFC00F1CC35 /* Base */,
			);
			name = LaunchScreen.storyboard;
			sourceTree = "<group>";
		};
/* End PBXVariantGroup section */

/* Begin XCBuildConfiguration section */
		E1DA1F8F2B88DFFD00F1CC35 /* Debug */ = {
			isa = XCBuildConfiguration;
			buildSettings = {
				ALWAYS_SEARCH_USER_PATHS = NO;
				ASSETCATALOG_COMPILER_GENERATE_SWIFT_ASSET_SYMBOL_EXTENSIONS = YES;
				CLANG_ANALYZER_NONNULL = YES;
				CLANG_ANALYZER_NUMBER_OBJECT_CONVERSION = YES_AGGRESSIVE;
				CLANG_CXX_LANGUAGE_STANDARD = "gnu++20";
				CLANG_ENABLE_MODULES = YES;
				CLANG_ENABLE_OBJC_ARC = YES;
				CLANG_ENABLE_OBJC_WEAK = YES;
				CLANG_WARN_BLOCK_CAPTURE_AUTORELEASING = YES;
				CLANG_WARN_BOOL_CONVERSION = YES;
				CLANG_WARN_COMMA = YES;
				CLANG_WARN_CONSTANT_CONVERSION = YES;
				CLANG_WARN_DEPRECATED_OBJC_IMPLEMENTATIONS = YES;
				CLANG_WARN_DIRECT_OBJC_ISA_USAGE = YES_ERROR;
				CLANG_WARN_DOCUMENTATION_COMMENTS = YES;
				CLANG_WARN_EMPTY_BODY = YES;
				CLANG_WARN_ENUM_CONVERSION = YES;
				CLANG_WARN_INFINITE_RECURSION = YES;
				CLANG_WARN_INT_CONVERSION = YES;
				CLANG_WARN_NON_LITERAL_NULL_CONVERSION = YES;
				CLANG_WARN_OBJC_IMPLICIT_RETAIN_SELF = YES;
				CLANG_WARN_OBJC_LITERAL_CONVERSION = YES;
				CLANG_WARN_OBJC_ROOT_CLASS = YES_ERROR;
				CLANG_WARN_QUOTED_INCLUDE_IN_FRAMEWORK_HEADER = YES;
				CLANG_WARN_RANGE_LOOP_ANALYSIS = YES;
				CLANG_WARN_STRICT_PROTOTYPES = YES;
				CLANG_WARN_SUSPICIOUS_MOVE = YES;
				CLANG_WARN_UNGUARDED_AVAILABILITY = YES_AGGRESSIVE;
				CLANG_WARN_UNREACHABLE_CODE = YES;
				CLANG_WARN__DUPLICATE_METHOD_MATCH = YES;
				COPY_PHASE_STRIP = NO;
				DEBUG_INFORMATION_FORMAT = dwarf;
				ENABLE_STRICT_OBJC_MSGSEND = YES;
				ENABLE_TESTABILITY = YES;
				ENABLE_USER_SCRIPT_SANDBOXING = YES;
				GCC_C_LANGUAGE_STANDARD = gnu17;
				GCC_DYNAMIC_NO_PIC = NO;
				GCC_NO_COMMON_BLOCKS = YES;
				GCC_OPTIMIZATION_LEVEL = 0;
				GCC_PREPROCESSOR_DEFINITIONS = (
					"DEBUG=1",
					"$(inherited)",
				);
				GCC_WARN_64_TO_32_BIT_CONVERSION = YES;
				GCC_WARN_ABOUT_RETURN_TYPE = YES_ERROR;
				GCC_WARN_UNDECLARED_SELECTOR = YES;
				GCC_WARN_UNINITIALIZED_AUTOS = YES_AGGRESSIVE;
				GCC_WARN_UNUSED_FUNCTION = YES;
				GCC_WARN_UNUSED_VARIABLE = YES;
				IPHONEOS_DEPLOYMENT_TARGET = 17.2;
				LOCALIZATION_PREFERS_STRING_CATALOGS = YES;
				MTL_ENABLE_DEBUG_INFO = INCLUDE_SOURCE;
				MTL_FAST_MATH = YES;
				ONLY_ACTIVE_ARCH = YES;
				SDKROOT = iphoneos;
				SWIFT_ACTIVE_COMPILATION_CONDITIONS = "DEBUG $(inherited)";
				SWIFT_OPTIMIZATION_LEVEL = "-Onone";
			};
			name = Debug;
		};
		E1DA1F902B88DFFD00F1CC35 /* Release */ = {
			isa = XCBuildConfiguration;
			buildSettings = {
				ALWAYS_SEARCH_USER_PATHS = NO;
				ASSETCATALOG_COMPILER_GENERATE_SWIFT_ASSET_SYMBOL_EXTENSIONS = YES;
				CLANG_ANALYZER_NONNULL = YES;
				CLANG_ANALYZER_NUMBER_OBJECT_CONVERSION = YES_AGGRESSIVE;
				CLANG_CXX_LANGUAGE_STANDARD = "gnu++20";
				CLANG_ENABLE_MODULES = YES;
				CLANG_ENABLE_OBJC_ARC = YES;
				CLANG_ENABLE_OBJC_WEAK = YES;
				CLANG_WARN_BLOCK_CAPTURE_AUTORELEASING = YES;
				CLANG_WARN_BOOL_CONVERSION = YES;
				CLANG_WARN_COMMA = YES;
				CLANG_WARN_CONSTANT_CONVERSION = YES;
				CLANG_WARN_DEPRECATED_OBJC_IMPLEMENTATIONS = YES;
				CLANG_WARN_DIRECT_OBJC_ISA_USAGE = YES_ERROR;
				CLANG_WARN_DOCUMENTATION_COMMENTS = YES;
				CLANG_WARN_EMPTY_BODY = YES;
				CLANG_WARN_ENUM_CONVERSION = YES;
				CLANG_WARN_INFINITE_RECURSION = YES;
				CLANG_WARN_INT_CONVERSION = YES;
				CLANG_WARN_NON_LITERAL_NULL_CONVERSION = YES;
				CLANG_WARN_OBJC_IMPLICIT_RETAIN_SELF = YES;
				CLANG_WARN_OBJC_LITERAL_CONVERSION = YES;
				CLANG_WARN_OBJC_ROOT_CLASS = YES_ERROR;
				CLANG_WARN_QUOTED_INCLUDE_IN_FRAMEWORK_HEADER = YES;
				CLANG_WARN_RANGE_LOOP_ANALYSIS = YES;
				CLANG_WARN_STRICT_PROTOTYPES = YES;
				CLANG_WARN_SUSPICIOUS_MOVE = YES;
				CLANG_WARN_UNGUARDED_AVAILABILITY = YES_AGGRESSIVE;
				CLANG_WARN_UNREACHABLE_CODE = YES;
				CLANG_WARN__DUPLICATE_METHOD_MATCH = YES;
				COPY_PHASE_STRIP = NO;
				DEBUG_INFORMATION_FORMAT = "dwarf-with-dsym";
				ENABLE_NS_ASSERTIONS = NO;
				ENABLE_STRICT_OBJC_MSGSEND = YES;
				ENABLE_USER_SCRIPT_SANDBOXING = YES;
				GCC_C_LANGUAGE_STANDARD = gnu17;
				GCC_NO_COMMON_BLOCKS = YES;
				GCC_WARN_64_TO_32_BIT_CONVERSION = YES;
				GCC_WARN_ABOUT_RETURN_TYPE = YES_ERROR;
				GCC_WARN_UNDECLARED_SELECTOR = YES;
				GCC_WARN_UNINITIALIZED_AUTOS = YES_AGGRESSIVE;
				GCC_WARN_UNUSED_FUNCTION = YES;
				GCC_WARN_UNUSED_VARIABLE = YES;
				IPHONEOS_DEPLOYMENT_TARGET = 17.2;
				LOCALIZATION_PREFERS_STRING_CATALOGS = YES;
				MTL_ENABLE_DEBUG_INFO = NO;
				MTL_FAST_MATH = YES;
				SDKROOT = iphoneos;
				SWIFT_COMPILATION_MODE = wholemodule;
				VALIDATE_PRODUCT = YES;
			};
			name = Release;
		};
		E1DA1F922B88DFFD00F1CC35 /* Debug */ = {
			isa = XCBuildConfiguration;
			buildSettings = {
				ASSETCATALOG_COMPILER_APPICON_NAME = AppIcon;
				ASSETCATALOG_COMPILER_GLOBAL_ACCENT_COLOR_NAME = AccentColor;
				CODE_SIGN_STYLE = Automatic;
				CURRENT_PROJECT_VERSION = 1;
				DEVELOPMENT_TEAM = F298F366M8;
				GENERATE_INFOPLIST_FILE = YES;
				INFOPLIST_FILE = Digii_Assessment/Info.plist;
				INFOPLIST_KEY_LSApplicationCategoryType = "";
				INFOPLIST_KEY_UIApplicationSupportsIndirectInputEvents = YES;
				INFOPLIST_KEY_UILaunchStoryboardName = LaunchScreen;
				INFOPLIST_KEY_UIMainStoryboardFile = "";
				INFOPLIST_KEY_UISupportedInterfaceOrientations_iPad = "UIInterfaceOrientationPortrait UIInterfaceOrientationPortraitUpsideDown UIInterfaceOrientationLandscapeLeft UIInterfaceOrientationLandscapeRight";
				INFOPLIST_KEY_UISupportedInterfaceOrientations_iPhone = "UIInterfaceOrientationPortrait UIInterfaceOrientationLandscapeLeft UIInterfaceOrientationLandscapeRight";
				LD_RUNPATH_SEARCH_PATHS = (
					"$(inherited)",
					"@executable_path/Frameworks",
				);
				MARKETING_VERSION = 1.0;
				PRODUCT_BUNDLE_IDENTIFIER = "com.shreyansh.Digii-Assessment";
				PRODUCT_NAME = "$(TARGET_NAME)";
				SUPPORTED_PLATFORMS = "iphoneos iphonesimulator";
				SUPPORTS_MACCATALYST = NO;
				SUPPORTS_MAC_DESIGNED_FOR_IPHONE_IPAD = NO;
				SUPPORTS_XR_DESIGNED_FOR_IPHONE_IPAD = NO;
				SWIFT_EMIT_LOC_STRINGS = YES;
				SWIFT_VERSION = 5.0;
				TARGETED_DEVICE_FAMILY = "1,2";
			};
			name = Debug;
		};
		E1DA1F932B88DFFD00F1CC35 /* Release */ = {
			isa = XCBuildConfiguration;
			buildSettings = {
				ASSETCATALOG_COMPILER_APPICON_NAME = AppIcon;
				ASSETCATALOG_COMPILER_GLOBAL_ACCENT_COLOR_NAME = AccentColor;
				CODE_SIGN_STYLE = Automatic;
				CURRENT_PROJECT_VERSION = 1;
				DEVELOPMENT_TEAM = F298F366M8;
				GENERATE_INFOPLIST_FILE = YES;
				INFOPLIST_FILE = Digii_Assessment/Info.plist;
				INFOPLIST_KEY_LSApplicationCategoryType = "";
				INFOPLIST_KEY_UIApplicationSupportsIndirectInputEvents = YES;
				INFOPLIST_KEY_UILaunchStoryboardName = LaunchScreen;
				INFOPLIST_KEY_UIMainStoryboardFile = "";
				INFOPLIST_KEY_UISupportedInterfaceOrientations_iPad = "UIInterfaceOrientationPortrait UIInterfaceOrientationPortraitUpsideDown UIInterfaceOrientationLandscapeLeft UIInterfaceOrientationLandscapeRight";
				INFOPLIST_KEY_UISupportedInterfaceOrientations_iPhone = "UIInterfaceOrientationPortrait UIInterfaceOrientationLandscapeLeft UIInterfaceOrientationLandscapeRight";
				LD_RUNPATH_SEARCH_PATHS = (
					"$(inherited)",
					"@executable_path/Frameworks",
				);
				MARKETING_VERSION = 1.0;
				PRODUCT_BUNDLE_IDENTIFIER = "com.shreyansh.Digii-Assessment";
				PRODUCT_NAME = "$(TARGET_NAME)";
				SUPPORTED_PLATFORMS = "iphoneos iphonesimulator";
				SUPPORTS_MACCATALYST = NO;
				SUPPORTS_MAC_DESIGNED_FOR_IPHONE_IPAD = NO;
				SUPPORTS_XR_DESIGNED_FOR_IPHONE_IPAD = NO;
				SWIFT_EMIT_LOC_STRINGS = YES;
				SWIFT_VERSION = 5.0;
				TARGETED_DEVICE_FAMILY = "1,2";
			};
			name = Release;
		};
		E1DA1F952B88DFFD00F1CC35 /* Debug */ = {
			isa = XCBuildConfiguration;
			buildSettings = {
				ALWAYS_EMBED_SWIFT_STANDARD_LIBRARIES = YES;
				BUNDLE_LOADER = "$(TEST_HOST)";
				CLANG_ENABLE_MODULES = YES;
				CODE_SIGN_STYLE = Automatic;
				CURRENT_PROJECT_VERSION = 1;
				DEVELOPMENT_TEAM = F298F366M8;
				GENERATE_INFOPLIST_FILE = YES;
				IPHONEOS_DEPLOYMENT_TARGET = 17.2;
				MARKETING_VERSION = 1.0;
				PRODUCT_BUNDLE_IDENTIFIER = "com.shreyansh.Digii-AssessmentTests";
				PRODUCT_NAME = "$(TARGET_NAME)";
				SWIFT_EMIT_LOC_STRINGS = NO;
				SWIFT_OPTIMIZATION_LEVEL = "-Onone";
				SWIFT_VERSION = 5.0;
				TARGETED_DEVICE_FAMILY = "1,2";
				TEST_HOST = "$(BUILT_PRODUCTS_DIR)/Digii_Assessment.app/$(BUNDLE_EXECUTABLE_FOLDER_PATH)/Digii_Assessment";
			};
			name = Debug;
		};
		E1DA1F962B88DFFD00F1CC35 /* Release */ = {
			isa = XCBuildConfiguration;
			buildSettings = {
				ALWAYS_EMBED_SWIFT_STANDARD_LIBRARIES = YES;
				BUNDLE_LOADER = "$(TEST_HOST)";
				CLANG_ENABLE_MODULES = YES;
				CODE_SIGN_STYLE = Automatic;
				CURRENT_PROJECT_VERSION = 1;
				DEVELOPMENT_TEAM = F298F366M8;
				GENERATE_INFOPLIST_FILE = YES;
				IPHONEOS_DEPLOYMENT_TARGET = 17.2;
				MARKETING_VERSION = 1.0;
				PRODUCT_BUNDLE_IDENTIFIER = "com.shreyansh.Digii-AssessmentTests";
				PRODUCT_NAME = "$(TARGET_NAME)";
				SWIFT_EMIT_LOC_STRINGS = NO;
				SWIFT_VERSION = 5.0;
				TARGETED_DEVICE_FAMILY = "1,2";
				TEST_HOST = "$(BUILT_PRODUCTS_DIR)/Digii_Assessment.app/$(BUNDLE_EXECUTABLE_FOLDER_PATH)/Digii_Assessment";
			};
			name = Release;
		};
		E1DA1F982B88DFFD00F1CC35 /* Debug */ = {
			isa = XCBuildConfiguration;
			buildSettings = {
				ALWAYS_EMBED_SWIFT_STANDARD_LIBRARIES = YES;
				CODE_SIGN_STYLE = Automatic;
				CURRENT_PROJECT_VERSION = 1;
				DEVELOPMENT_TEAM = F298F366M8;
				GENERATE_INFOPLIST_FILE = YES;
				MARKETING_VERSION = 1.0;
				PRODUCT_BUNDLE_IDENTIFIER = "com.shreyansh.Digii-AssessmentUITests";
				PRODUCT_NAME = "$(TARGET_NAME)";
				SWIFT_EMIT_LOC_STRINGS = NO;
				SWIFT_VERSION = 5.0;
				TARGETED_DEVICE_FAMILY = "1,2";
				TEST_TARGET_NAME = Digii_Assessment;
			};
			name = Debug;
		};
		E1DA1F992B88DFFD00F1CC35 /* Release */ = {
			isa = XCBuildConfiguration;
			buildSettings = {
				ALWAYS_EMBED_SWIFT_STANDARD_LIBRARIES = YES;
				CODE_SIGN_STYLE = Automatic;
				CURRENT_PROJECT_VERSION = 1;
				DEVELOPMENT_TEAM = F298F366M8;
				GENERATE_INFOPLIST_FILE = YES;
				MARKETING_VERSION = 1.0;
				PRODUCT_BUNDLE_IDENTIFIER = "com.shreyansh.Digii-AssessmentUITests";
				PRODUCT_NAME = "$(TARGET_NAME)";
				SWIFT_EMIT_LOC_STRINGS = NO;
				SWIFT_VERSION = 5.0;
				TARGETED_DEVICE_FAMILY = "1,2";
				TEST_TARGET_NAME = Digii_Assessment;
			};
			name = Release;
		};
/* End XCBuildConfiguration section */

/* Begin XCConfigurationList section */
		E1DA1F622B88DFFB00F1CC35 /* Build configuration list for PBXProject "Digii_Assessment" */ = {
			isa = XCConfigurationList;
			buildConfigurations = (
				E1DA1F8F2B88DFFD00F1CC35 /* Debug */,
				E1DA1F902B88DFFD00F1CC35 /* Release */,
			);
			defaultConfigurationIsVisible = 0;
			defaultConfigurationName = Release;
		};
		E1DA1F912B88DFFD00F1CC35 /* Build configuration list for PBXNativeTarget "Digii_Assessment" */ = {
			isa = XCConfigurationList;
			buildConfigurations = (
				E1DA1F922B88DFFD00F1CC35 /* Debug */,
				E1DA1F932B88DFFD00F1CC35 /* Release */,
			);
			defaultConfigurationIsVisible = 0;
			defaultConfigurationName = Release;
		};
		E1DA1F942B88DFFD00F1CC35 /* Build configuration list for PBXNativeTarget "Digii_AssessmentTests" */ = {
			isa = XCConfigurationList;
			buildConfigurations = (
				E1DA1F952B88DFFD00F1CC35 /* Debug */,
				E1DA1F962B88DFFD00F1CC35 /* Release */,
			);
			defaultConfigurationIsVisible = 0;
			defaultConfigurationName = Release;
		};
		E1DA1F972B88DFFD00F1CC35 /* Build configuration list for PBXNativeTarget "Digii_AssessmentUITests" */ = {
			isa = XCConfigurationList;
			buildConfigurations = (
				E1DA1F982B88DFFD00F1CC35 /* Debug */,
				E1DA1F992B88DFFD00F1CC35 /* Release */,
			);
			defaultConfigurationIsVisible = 0;
			defaultConfigurationName = Release;
		};
/* End XCConfigurationList section */
	};
	rootObject = E1DA1F5F2B88DFFB00F1CC35 /* Project object */;
}
